// !$*UTF8*$!
{
	archiveVersion = 1;
	classes = {
	};
	objectVersion = 55;
	objects = {

/* Begin PBXBuildFile section */
		7172030328ABBA3A00AA1EDC /* More Info.swift in Sources */ = {isa = PBXBuildFile; fileRef = 7172030228ABBA3A00AA1EDC /* More Info.swift */; };
		7172030528ABBB2500AA1EDC /* MorInfoViewController.swift in Sources */ = {isa = PBXBuildFile; fileRef = 7172030428ABBB2500AA1EDC /* MorInfoViewController.swift */; };
		7172030928AC2BED00AA1EDC /* MainTabBarController.swift in Sources */ = {isa = PBXBuildFile; fileRef = 7172030828AC2BED00AA1EDC /* MainTabBarController.swift */; };
		7172030B28AC45D300AA1EDC /* ProfileViewController.swift in Sources */ = {isa = PBXBuildFile; fileRef = 7172030A28AC45D300AA1EDC /* ProfileViewController.swift */; };
		7172030D28AD8D0500AA1EDC /* UILabel.swift in Sources */ = {isa = PBXBuildFile; fileRef = 7172030C28AD8D0500AA1EDC /* UILabel.swift */; };
		719F1BC728A66E7B00446989 /* AppDelegate.swift in Sources */ = {isa = PBXBuildFile; fileRef = 719F1BC628A66E7B00446989 /* AppDelegate.swift */; };
		719F1BC928A66E7B00446989 /* SceneDelegate.swift in Sources */ = {isa = PBXBuildFile; fileRef = 719F1BC828A66E7B00446989 /* SceneDelegate.swift */; };
		719F1BCB28A66E7B00446989 /* LoginViewController.swift in Sources */ = {isa = PBXBuildFile; fileRef = 719F1BCA28A66E7B00446989 /* LoginViewController.swift */; };
		719F1BD028A66E7B00446989 /* Assets.xcassets in Resources */ = {isa = PBXBuildFile; fileRef = 719F1BCF28A66E7B00446989 /* Assets.xcassets */; };
		719F1BD328A66E7B00446989 /* LaunchScreen.storyboard in Resources */ = {isa = PBXBuildFile; fileRef = 719F1BD128A66E7B00446989 /* LaunchScreen.storyboard */; };
		719F1BDD28A68BC600446989 /* WelcomeViewController.swift in Sources */ = {isa = PBXBuildFile; fileRef = 719F1BDC28A68BC600446989 /* WelcomeViewController.swift */; };
		FF3B90C8D7085055A42FE06F /* Pods_LoginApp.framework in Frameworks */ = {isa = PBXBuildFile; fileRef = E2199CF689FD1A73E2484F3D /* Pods_LoginApp.framework */; };
/* End PBXBuildFile section */

/* Begin PBXFileReference section */
		2A3FC2A58DF9C40C11AD01D0 /* Pods-LoginApp.release.xcconfig */ = {isa = PBXFileReference; includeInIndex = 1; lastKnownFileType = text.xcconfig; name = "Pods-LoginApp.release.xcconfig"; path = "Target Support Files/Pods-LoginApp/Pods-LoginApp.release.xcconfig"; sourceTree = "<group>"; };
		62939DD6C5163EC65A6BAC5F /* Pods-LoginApp.debug.xcconfig */ = {isa = PBXFileReference; includeInIndex = 1; lastKnownFileType = text.xcconfig; name = "Pods-LoginApp.debug.xcconfig"; path = "Target Support Files/Pods-LoginApp/Pods-LoginApp.debug.xcconfig"; sourceTree = "<group>"; };
		7172030228ABBA3A00AA1EDC /* More Info.swift */ = {isa = PBXFileReference; lastKnownFileType = sourcecode.swift; path = "More Info.swift"; sourceTree = "<group>"; };
		7172030428ABBB2500AA1EDC /* MorInfoViewController.swift */ = {isa = PBXFileReference; lastKnownFileType = sourcecode.swift; path = MorInfoViewController.swift; sourceTree = "<group>"; };
		7172030828AC2BED00AA1EDC /* MainTabBarController.swift */ = {isa = PBXFileReference; lastKnownFileType = sourcecode.swift; path = MainTabBarController.swift; sourceTree = "<group>"; };
		7172030A28AC45D300AA1EDC /* ProfileViewController.swift */ = {isa = PBXFileReference; lastKnownFileType = sourcecode.swift; path = ProfileViewController.swift; sourceTree = "<group>"; };
		7172030C28AD8D0500AA1EDC /* UILabel.swift */ = {isa = PBXFileReference; lastKnownFileType = sourcecode.swift; path = UILabel.swift; sourceTree = "<group>"; };
		719F1BC328A66E7B00446989 /* LoginApp.app */ = {isa = PBXFileReference; explicitFileType = wrapper.application; includeInIndex = 0; path = LoginApp.app; sourceTree = BUILT_PRODUCTS_DIR; };
		719F1BC628A66E7B00446989 /* AppDelegate.swift */ = {isa = PBXFileReference; lastKnownFileType = sourcecode.swift; path = AppDelegate.swift; sourceTree = "<group>"; };
		719F1BC828A66E7B00446989 /* SceneDelegate.swift */ = {isa = PBXFileReference; lastKnownFileType = sourcecode.swift; path = SceneDelegate.swift; sourceTree = "<group>"; };
		719F1BCA28A66E7B00446989 /* LoginViewController.swift */ = {isa = PBXFileReference; lastKnownFileType = sourcecode.swift; path = LoginViewController.swift; sourceTree = "<group>"; };
		719F1BCF28A66E7B00446989 /* Assets.xcassets */ = {isa = PBXFileReference; lastKnownFileType = folder.assetcatalog; path = Assets.xcassets; sourceTree = "<group>"; };
		719F1BD228A66E7B00446989 /* Base */ = {isa = PBXFileReference; lastKnownFileType = file.storyboard; name = Base; path = Base.lproj/LaunchScreen.storyboard; sourceTree = "<group>"; };
		719F1BD428A66E7B00446989 /* Info.plist */ = {isa = PBXFileReference; lastKnownFileType = text.plist.xml; path = Info.plist; sourceTree = "<group>"; };
		719F1BDC28A68BC600446989 /* WelcomeViewController.swift */ = {isa = PBXFileReference; lastKnownFileType = sourcecode.swift; path = WelcomeViewController.swift; sourceTree = "<group>"; };
		E2199CF689FD1A73E2484F3D /* Pods_LoginApp.framework */ = {isa = PBXFileReference; explicitFileType = wrapper.framework; includeInIndex = 0; path = Pods_LoginApp.framework; sourceTree = BUILT_PRODUCTS_DIR; };
/* End PBXFileReference section */

/* Begin PBXFrameworksBuildPhase section */
		719F1BC028A66E7B00446989 /* Frameworks */ = {
			isa = PBXFrameworksBuildPhase;
			buildActionMask = 2147483647;
			files = (
				FF3B90C8D7085055A42FE06F /* Pods_LoginApp.framework in Frameworks */,
			);
			runOnlyForDeploymentPostprocessing = 0;
		};
/* End PBXFrameworksBuildPhase section */

/* Begin PBXGroup section */
		00C18E6E5F76F6418C1C33C7 /* Pods */ = {
			isa = PBXGroup;
			children = (
				62939DD6C5163EC65A6BAC5F /* Pods-LoginApp.debug.xcconfig */,
				2A3FC2A58DF9C40C11AD01D0 /* Pods-LoginApp.release.xcconfig */,
			);
			name = Pods;
			path = Pods;
			sourceTree = "<group>";
		};
		39DE2E2EF87CCA928B96751C /* Frameworks */ = {
			isa = PBXGroup;
			children = (
				E2199CF689FD1A73E2484F3D /* Pods_LoginApp.framework */,
			);
			name = Frameworks;
			sourceTree = "<group>";
		};
		717202FF28ABB96800AA1EDC /* ViewControllers */ = {
			isa = PBXGroup;
			children = (
				719F1BCA28A66E7B00446989 /* LoginViewController.swift */,
				719F1BDC28A68BC600446989 /* WelcomeViewController.swift */,
				7172030828AC2BED00AA1EDC /* MainTabBarController.swift */,
				7172030428ABBB2500AA1EDC /* MorInfoViewController.swift */,
				7172030A28AC45D300AA1EDC /* ProfileViewController.swift */,
			);
			path = ViewControllers;
			sourceTree = "<group>";
		};
		7172030028ABB98800AA1EDC /* SupportFiles */ = {
			isa = PBXGroup;
			children = (
				719F1BC628A66E7B00446989 /* AppDelegate.swift */,
				719F1BC828A66E7B00446989 /* SceneDelegate.swift */,
			);
			path = SupportFiles;
			sourceTree = "<group>";
		};
		7172030128ABB9CB00AA1EDC /* Models */ = {
			isa = PBXGroup;
			children = (
				7172030228ABBA3A00AA1EDC /* More Info.swift */,
				7172030E28AD8D1200AA1EDC /* Extension */,
			);
			name = Models;
			path = ViewControllers;
			sourceTree = "<group>";
		};
		7172030E28AD8D1200AA1EDC /* Extension */ = {
			isa = PBXGroup;
			children = (
				7172030C28AD8D0500AA1EDC /* UILabel.swift */,
			);
			path = Extension;
			sourceTree = "<group>";
		};
		719F1BBA28A66E7B00446989 = {
			isa = PBXGroup;
			children = (
				719F1BC528A66E7B00446989 /* LoginApp */,
				719F1BC428A66E7B00446989 /* Products */,
				00C18E6E5F76F6418C1C33C7 /* Pods */,
				39DE2E2EF87CCA928B96751C /* Frameworks */,
			);
			sourceTree = "<group>";
		};
		719F1BC428A66E7B00446989 /* Products */ = {
			isa = PBXGroup;
			children = (
				719F1BC328A66E7B00446989 /* LoginApp.app */,
			);
			name = Products;
			sourceTree = "<group>";
		};
		719F1BC528A66E7B00446989 /* LoginApp */ = {
			isa = PBXGroup;
			children = (
				7172030028ABB98800AA1EDC /* SupportFiles */,
				717202FF28ABB96800AA1EDC /* ViewControllers */,
				7172030128ABB9CB00AA1EDC /* Models */,
				719F1BCF28A66E7B00446989 /* Assets.xcassets */,
				719F1BD128A66E7B00446989 /* LaunchScreen.storyboard */,
				719F1BD428A66E7B00446989 /* Info.plist */,
			);
			path = LoginApp;
			sourceTree = "<group>";
		};
/* End PBXGroup section */

/* Begin PBXNativeTarget section */
		719F1BC228A66E7B00446989 /* LoginApp */ = {
			isa = PBXNativeTarget;
			buildConfigurationList = 719F1BD728A66E7B00446989 /* Build configuration list for PBXNativeTarget "LoginApp" */;
			buildPhases = (
				162E3D641E339BDEBC094C0C /* [CP] Check Pods Manifest.lock */,
				719F1BBF28A66E7B00446989 /* Sources */,
				719F1BC028A66E7B00446989 /* Frameworks */,
				719F1BC128A66E7B00446989 /* Resources */,
				3E03890CC32B45F075B6D9FD /* [CP] Embed Pods Frameworks */,
			);
			buildRules = (
			);
			dependencies = (
			);
			name = LoginApp;
			productName = LoginApp;
			productReference = 719F1BC328A66E7B00446989 /* LoginApp.app */;
			productType = "com.apple.product-type.application";
		};
/* End PBXNativeTarget section */

/* Begin PBXProject section */
		719F1BBB28A66E7B00446989 /* Project object */ = {
			isa = PBXProject;
			attributes = {
				BuildIndependentTargetsInParallel = 1;
				LastSwiftUpdateCheck = 1340;
				LastUpgradeCheck = 1340;
				TargetAttributes = {
					719F1BC228A66E7B00446989 = {
						CreatedOnToolsVersion = 13.4.1;
					};
				};
			};
			buildConfigurationList = 719F1BBE28A66E7B00446989 /* Build configuration list for PBXProject "LoginApp" */;
			compatibilityVersion = "Xcode 13.0";
			developmentRegion = en;
			hasScannedForEncodings = 0;
			knownRegions = (
				en,
				Base,
			);
			mainGroup = 719F1BBA28A66E7B00446989;
			productRefGroup = 719F1BC428A66E7B00446989 /* Products */;
			projectDirPath = "";
			projectRoot = "";
			targets = (
				719F1BC228A66E7B00446989 /* LoginApp */,
			);
		};
/* End PBXProject section */

/* Begin PBXResourcesBuildPhase section */
		719F1BC128A66E7B00446989 /* Resources */ = {
			isa = PBXResourcesBuildPhase;
			buildActionMask = 2147483647;
			files = (
				719F1BD328A66E7B00446989 /* LaunchScreen.storyboard in Resources */,
				719F1BD028A66E7B00446989 /* Assets.xcassets in Resources */,
			);
			runOnlyForDeploymentPostprocessing = 0;
		};
/* End PBXResourcesBuildPhase section */

/* Begin PBXShellScriptBuildPhase section */
		162E3D641E339BDEBC094C0C /* [CP] Check Pods Manifest.lock */ = {
			isa = PBXShellScriptBuildPhase;
			buildActionMask = 2147483647;
			files = (
			);
			inputFileListPaths = (
			);
			inputPaths = (
				"${PODS_PODFILE_DIR_PATH}/Podfile.lock",
				"${PODS_ROOT}/Manifest.lock",
			);
			name = "[CP] Check Pods Manifest.lock";
			outputFileListPaths = (
			);
			outputPaths = (
				"$(DERIVED_FILE_DIR)/Pods-LoginApp-checkManifestLockResult.txt",
			);
			runOnlyForDeploymentPostprocessing = 0;
			shellPath = /bin/sh;
			shellScript = "diff \"${PODS_PODFILE_DIR_PATH}/Podfile.lock\" \"${PODS_ROOT}/Manifest.lock\" > /dev/null\nif [ $? != 0 ] ; then\n    # print error to STDERR\n    echo \"error: The sandbox is not in sync with the Podfile.lock. Run 'pod install' or update your CocoaPods installation.\" >&2\n    exit 1\nfi\n# This output is used by Xcode 'outputs' to avoid re-running this script phase.\necho \"SUCCESS\" > \"${SCRIPT_OUTPUT_FILE_0}\"\n";
			showEnvVarsInLog = 0;
		};
		3E03890CC32B45F075B6D9FD /* [CP] Embed Pods Frameworks */ = {
			isa = PBXShellScriptBuildPhase;
			buildActionMask = 2147483647;
			files = (
			);
			inputFileListPaths = (
				"${PODS_ROOT}/Target Support Files/Pods-LoginApp/Pods-LoginApp-frameworks-${CONFIGURATION}-input-files.xcfilelist",
			);
			name = "[CP] Embed Pods Frameworks";
			outputFileListPaths = (
				"${PODS_ROOT}/Target Support Files/Pods-LoginApp/Pods-LoginApp-frameworks-${CONFIGURATION}-output-files.xcfilelist",
			);
			runOnlyForDeploymentPostprocessing = 0;
			shellPath = /bin/sh;
			shellScript = "\"${PODS_ROOT}/Target Support Files/Pods-LoginApp/Pods-LoginApp-frameworks.sh\"\n";
			showEnvVarsInLog = 0;
		};
/* End PBXShellScriptBuildPhase section */

/* Begin PBXSourcesBuildPhase section */
		719F1BBF28A66E7B00446989 /* Sources */ = {
			isa = PBXSourcesBuildPhase;
			buildActionMask = 2147483647;
			files = (
				7172030528ABBB2500AA1EDC /* MorInfoViewController.swift in Sources */,
				719F1BDD28A68BC600446989 /* WelcomeViewController.swift in Sources */,
				7172030328ABBA3A00AA1EDC /* More Info.swift in Sources */,
				7172030928AC2BED00AA1EDC /* MainTabBarController.swift in Sources */,
				7172030D28AD8D0500AA1EDC /* UILabel.swift in Sources */,
				719F1BCB28A66E7B00446989 /* LoginViewController.swift in Sources */,
				719F1BC728A66E7B00446989 /* AppDelegate.swift in Sources */,
				7172030B28AC45D300AA1EDC /* ProfileViewController.swift in Sources */,
				719F1BC928A66E7B00446989 /* SceneDelegate.swift in Sources */,
			);
			runOnlyForDeploymentPostprocessing = 0;
		};
/* End PBXSourcesBuildPhase section */

/* Begin PBXVariantGroup section */
		719F1BD128A66E7B00446989 /* LaunchScreen.storyboard */ = {
			isa = PBXVariantGroup;
			children = (
				719F1BD228A66E7B00446989 /* Base */,
			);
			name = LaunchScreen.storyboard;
			sourceTree = "<group>";
		};
/* End PBXVariantGroup section */

/* Begin XCBuildConfiguration section */
		719F1BD528A66E7B00446989 /* Debug */ = {
			isa = XCBuildConfiguration;
			buildSettings = {
				ALWAYS_SEARCH_USER_PATHS = NO;
				CLANG_ANALYZER_NONNULL = YES;
				CLANG_ANALYZER_NUMBER_OBJECT_CONVERSION = YES_AGGRESSIVE;
				CLANG_CXX_LANGUAGE_STANDARD = "gnu++17";
				CLANG_ENABLE_MODULES = YES;
				CLANG_ENABLE_OBJC_ARC = YES;
				CLANG_ENABLE_OBJC_WEAK = YES;
				CLANG_WARN_BLOCK_CAPTURE_AUTORELEASING = YES;
				CLANG_WARN_BOOL_CONVERSION = YES;
				CLANG_WARN_COMMA = YES;
				CLANG_WARN_CONSTANT_CONVERSION = YES;
				CLANG_WARN_DEPRECATED_OBJC_IMPLEMENTATIONS = YES;
				CLANG_WARN_DIRECT_OBJC_ISA_USAGE = YES_ERROR;
				CLANG_WARN_DOCUMENTATION_COMMENTS = YES;
				CLANG_WARN_EMPTY_BODY = YES;
				CLANG_WARN_ENUM_CONVERSION = YES;
				CLANG_WARN_INFINITE_RECURSION = YES;
				CLANG_WARN_INT_CONVERSION = YES;
				CLANG_WARN_NON_LITERAL_NULL_CONVERSION = YES;
				CLANG_WARN_OBJC_IMPLICIT_RETAIN_SELF = YES;
				CLANG_WARN_OBJC_LITERAL_CONVERSION = YES;
				CLANG_WARN_OBJC_ROOT_CLASS = YES_ERROR;
				CLANG_WARN_QUOTED_INCLUDE_IN_FRAMEWORK_HEADER = YES;
				CLANG_WARN_RANGE_LOOP_ANALYSIS = YES;
				CLANG_WARN_STRICT_PROTOTYPES = YES;
				CLANG_WARN_SUSPICIOUS_MOVE = YES;
				CLANG_WARN_UNGUARDED_AVAILABILITY = YES_AGGRESSIVE;
				CLANG_WARN_UNREACHABLE_CODE = YES;
				CLANG_WARN__DUPLICATE_METHOD_MATCH = YES;
				COPY_PHASE_STRIP = NO;
				DEBUG_INFORMATION_FORMAT = dwarf;
				ENABLE_STRICT_OBJC_MSGSEND = YES;
				ENABLE_TESTABILITY = YES;
				GCC_C_LANGUAGE_STANDARD = gnu11;
				GCC_DYNAMIC_NO_PIC = NO;
				GCC_NO_COMMON_BLOCKS = YES;
				GCC_OPTIMIZATION_LEVEL = 0;
				GCC_PREPROCESSOR_DEFINITIONS = (
					"DEBUG=1",
					"$(inherited)",
				);
				GCC_WARN_64_TO_32_BIT_CONVERSION = YES;
				GCC_WARN_ABOUT_RETURN_TYPE = YES_ERROR;
				GCC_WARN_UNDECLARED_SELECTOR = YES;
				GCC_WARN_UNINITIALIZED_AUTOS = YES_AGGRESSIVE;
				GCC_WARN_UNUSED_FUNCTION = YES;
				GCC_WARN_UNUSED_VARIABLE = YES;
				IPHONEOS_DEPLOYMENT_TARGET = 15.5;
				MTL_ENABLE_DEBUG_INFO = INCLUDE_SOURCE;
				MTL_FAST_MATH = YES;
				ONLY_ACTIVE_ARCH = YES;
				SDKROOT = iphoneos;
				SWIFT_ACTIVE_COMPILATION_CONDITIONS = DEBUG;
				SWIFT_OPTIMIZATION_LEVEL = "-Onone";
			};
			name = Debug;
		};
		719F1BD628A66E7B00446989 /* Release */ = {
			isa = XCBuildConfiguration;
			buildSettings = {
				ALWAYS_SEARCH_USER_PATHS = NO;
				CLANG_ANALYZER_NONNULL = YES;
				CLANG_ANALYZER_NUMBER_OBJECT_CONVERSION = YES_AGGRESSIVE;
				CLANG_CXX_LANGUAGE_STANDARD = "gnu++17";
				CLANG_ENABLE_MODULES = YES;
				CLANG_ENABLE_OBJC_ARC = YES;
				CLANG_ENABLE_OBJC_WEAK = YES;
				CLANG_WARN_BLOCK_CAPTURE_AUTORELEASING = YES;
				CLANG_WARN_BOOL_CONVERSION = YES;
				CLANG_WARN_COMMA = YES;
				CLANG_WARN_CONSTANT_CONVERSION = YES;
				CLANG_WARN_DEPRECATED_OBJC_IMPLEMENTATIONS = YES;
				CLANG_WARN_DIRECT_OBJC_ISA_USAGE = YES_ERROR;
				CLANG_WARN_DOCUMENTATION_COMMENTS = YES;
				CLANG_WARN_EMPTY_BODY = YES;
				CLANG_WARN_ENUM_CONVERSION = YES;
				CLANG_WARN_INFINITE_RECURSION = YES;
				CLANG_WARN_INT_CONVERSION = YES;
				CLANG_WARN_NON_LITERAL_NULL_CONVERSION = YES;
				CLANG_WARN_OBJC_IMPLICIT_RETAIN_SELF = YES;
				CLANG_WARN_OBJC_LITERAL_CONVERSION = YES;
				CLANG_WARN_OBJC_ROOT_CLASS = YES_ERROR;
				CLANG_WARN_QUOTED_INCLUDE_IN_FRAMEWORK_HEADER = YES;
				CLANG_WARN_RANGE_LOOP_ANALYSIS = YES;
				CLANG_WARN_STRICT_PROTOTYPES = YES;
				CLANG_WARN_SUSPICIOUS_MOVE = YES;
				CLANG_WARN_UNGUARDED_AVAILABILITY = YES_AGGRESSIVE;
				CLANG_WARN_UNREACHABLE_CODE = YES;
				CLANG_WARN__DUPLICATE_METHOD_MATCH = YES;
				COPY_PHASE_STRIP = NO;
				DEBUG_INFORMATION_FORMAT = "dwarf-with-dsym";
				ENABLE_NS_ASSERTIONS = NO;
				ENABLE_STRICT_OBJC_MSGSEND = YES;
				GCC_C_LANGUAGE_STANDARD = gnu11;
				GCC_NO_COMMON_BLOCKS = YES;
				GCC_WARN_64_TO_32_BIT_CONVERSION = YES;
				GCC_WARN_ABOUT_RETURN_TYPE = YES_ERROR;
				GCC_WARN_UNDECLARED_SELECTOR = YES;
				GCC_WARN_UNINITIALIZED_AUTOS = YES_AGGRESSIVE;
				GCC_WARN_UNUSED_FUNCTION = YES;
				GCC_WARN_UNUSED_VARIABLE = YES;
				IPHONEOS_DEPLOYMENT_TARGET = 15.5;
				MTL_ENABLE_DEBUG_INFO = NO;
				MTL_FAST_MATH = YES;
				SDKROOT = iphoneos;
				SWIFT_COMPILATION_MODE = wholemodule;
				SWIFT_OPTIMIZATION_LEVEL = "-O";
				VALIDATE_PRODUCT = YES;
			};
			name = Release;
		};
		719F1BD828A66E7B00446989 /* Debug */ = {
			isa = XCBuildConfiguration;
			baseConfigurationReference = 62939DD6C5163EC65A6BAC5F /* Pods-LoginApp.debug.xcconfig */;
			buildSettings = {
				ASSETCATALOG_COMPILER_APPICON_NAME = AppIcon;
				ASSETCATALOG_COMPILER_GLOBAL_ACCENT_COLOR_NAME = AccentColor;
				CODE_SIGN_STYLE = Automatic;
				CURRENT_PROJECT_VERSION = 1;
				DEVELOPMENT_TEAM = Q4YDTP8UWA;
				GENERATE_INFOPLIST_FILE = YES;
				INFOPLIST_FILE = LoginApp/Info.plist;
				INFOPLIST_KEY_UIApplicationSupportsIndirectInputEvents = YES;
				INFOPLIST_KEY_UILaunchStoryboardName = LaunchScreen;
				INFOPLIST_KEY_UISupportedInterfaceOrientations_iPad = "UIInterfaceOrientationPortrait UIInterfaceOrientationPortraitUpsideDown UIInterfaceOrientationLandscapeLeft UIInterfaceOrientationLandscapeRight";
				INFOPLIST_KEY_UISupportedInterfaceOrientations_iPhone = "UIInterfaceOrientationPortrait UIInterfaceOrientationLandscapeLeft UIInterfaceOrientationLandscapeRight";
				LD_RUNPATH_SEARCH_PATHS = (
					"$(inherited)",
					"@executable_path/Frameworks",
				);
				MARKETING_VERSION = 1.0;
				PRODUCT_BUNDLE_IDENTIFIER = ru.BogdanBarinov.LoginApp;
				PRODUCT_NAME = "$(TARGET_NAME)";
				SWIFT_EMIT_LOC_STRINGS = YES;
				SWIFT_VERSION = 5.0;
				TARGETED_DEVICE_FAMILY = "1,2";
			};
			name = Debug;
		};
		719F1BD928A66E7B00446989 /* Release */ = {
			isa = XCBuildConfiguration;
			baseConfigurationReference = 2A3FC2A58DF9C40C11AD01D0 /* Pods-LoginApp.release.xcconfig */;
			buildSettings = {
				ASSETCATALOG_COMPILER_APPICON_NAME = AppIcon;
				ASSETCATALOG_COMPILER_GLOBAL_ACCENT_COLOR_NAME = AccentColor;
				CODE_SIGN_STYLE = Automatic;
				CURRENT_PROJECT_VERSION = 1;
				DEVELOPMENT_TEAM = Q4YDTP8UWA;
				GENERATE_INFOPLIST_FILE = YES;
				INFOPLIST_FILE = LoginApp/Info.plist;
				INFOPLIST_KEY_UIApplicationSupportsIndirectInputEvents = YES;
				INFOPLIST_KEY_UILaunchStoryboardName = LaunchScreen;
				INFOPLIST_KEY_UISupportedInterfaceOrientations_iPad = "UIInterfaceOrientationPortrait UIInterfaceOrientationPortraitUpsideDown UIInterfaceOrientationLandscapeLeft UIInterfaceOrientationLandscapeRight";
				INFOPLIST_KEY_UISupportedInterfaceOrientations_iPhone = "UIInterfaceOrientationPortrait UIInterfaceOrientationLandscapeLeft UIInterfaceOrientationLandscapeRight";
				LD_RUNPATH_SEARCH_PATHS = (
					"$(inherited)",
					"@executable_path/Frameworks",
				);
				MARKETING_VERSION = 1.0;
				PRODUCT_BUNDLE_IDENTIFIER = ru.BogdanBarinov.LoginApp;
				PRODUCT_NAME = "$(TARGET_NAME)";
				SWIFT_EMIT_LOC_STRINGS = YES;
				SWIFT_VERSION = 5.0;
				TARGETED_DEVICE_FAMILY = "1,2";
			};
			name = Release;
		};
/* End XCBuildConfiguration section */

/* Begin XCConfigurationList section */
		719F1BBE28A66E7B00446989 /* Build configuration list for PBXProject "LoginApp" */ = {
			isa = XCConfigurationList;
			buildConfigurations = (
				719F1BD528A66E7B00446989 /* Debug */,
				719F1BD628A66E7B00446989 /* Release */,
			);
			defaultConfigurationIsVisible = 0;
			defaultConfigurationName = Release;
		};
		719F1BD728A66E7B00446989 /* Build configuration list for PBXNativeTarget "LoginApp" */ = {
			isa = XCConfigurationList;
			buildConfigurations = (
				719F1BD828A66E7B00446989 /* Debug */,
				719F1BD928A66E7B00446989 /* Release */,
			);
			defaultConfigurationIsVisible = 0;
			defaultConfigurationName = Release;
		};
/* End XCConfigurationList section */
	};
	rootObject = 719F1BBB28A66E7B00446989 /* Project object */;
}
